{
  "requires": true,
  "lockfileVersion": 1,
  "dependencies": {
    "rtcmulticonnection": {
      "version": "3.6.8",
      "resolved": "https://registry.npmjs.org/rtcmulticonnection/-/rtcmulticonnection-3.6.8.tgz",
      "integrity": "sha512-iwQZ4otzza3ICSgp7Om2jjfcVjbPt3XIH7OIKvQ+I2MBcbgz6MDNPcZmip1xwnPomdX1r6pr7VMjf5L9V9NcnQ=="
    }
  }
}
